{
  "name": "captchadownloader",
  "version": "1.0.0",
  "lockfileVersion": 1,
  "requires": true,
  "dependencies": {
    "follow-redirects": {
      "version": "1.13.3",
      "resolved": "https://registry.npmjs.org/follow-redirects/-/follow-redirects-1.13.3.tgz",
      "integrity": "sha512-DUgl6+HDzB0iEptNQEXLx/KhTmDb8tZUHSeLqpnjpknR70H0nC2t9N73BK6fN4hOvJ84pKlIQVQ4k5FFlBedKA=="
    },
    "potato_dm": {
      "version": "git+https://github.com/daroxs95/potato_dm.git#ef3b6fb2d522d0099dbe8c9244fe6d962cae4f83",
      "from": "git+https://github.com/daroxs95/potato_dm.git",
      "requires": {
        "follow-redirects": "^1.13.2"
      }
    }
  }
}
